// !$*UTF8*$!
{
	archiveVersion = 1;
	classes = {
	};
	objectVersion = 46;
	objects = {

/* Begin PBXBuildFile section */
		271FB7AE1B9510E000E12917 /* main.m in Sources */ = {isa = PBXBuildFile; fileRef = 271FB7AD1B9510E000E12917 /* main.m */; };
		271FB7B11B9510E000E12917 /* AppDelegate.m in Sources */ = {isa = PBXBuildFile; fileRef = 271FB7B01B9510E000E12917 /* AppDelegate.m */; };
		271FB7B91B9510E000E12917 /* Assets.xcassets in Resources */ = {isa = PBXBuildFile; fileRef = 271FB7B81B9510E000E12917 /* Assets.xcassets */; };
		271FB7C71B9510E000E12917 /* EssentialsTests.m in Sources */ = {isa = PBXBuildFile; fileRef = 271FB7C61B9510E000E12917 /* EssentialsTests.m */; };
		271FB7D21B9510E000E12917 /* EssentialsUITests.m in Sources */ = {isa = PBXBuildFile; fileRef = 271FB7D11B9510E000E12917 /* EssentialsUITests.m */; };
		271FB7E01B95115D00E12917 /* LaunchScreen.storyboard in Resources */ = {isa = PBXBuildFile; fileRef = 271FB7DF1B95115D00E12917 /* LaunchScreen.storyboard */; settings = {ASSET_TAGS = (); }; };
/* End PBXBuildFile section */

/* Begin PBXContainerItemProxy section */
		271FB7C31B9510E000E12917 /* PBXContainerItemProxy */ = {
			isa = PBXContainerItemProxy;
			containerPortal = 271FB7A11B9510E000E12917 /* Project object */;
			proxyType = 1;
			remoteGlobalIDString = 271FB7A81B9510E000E12917;
			remoteInfo = Essentials;
		};
		271FB7CE1B9510E000E12917 /* PBXContainerItemProxy */ = {
			isa = PBXContainerItemProxy;
			containerPortal = 271FB7A11B9510E000E12917 /* Project object */;
			proxyType = 1;
			remoteGlobalIDString = 271FB7A81B9510E000E12917;
			remoteInfo = Essentials;
		};
/* End PBXContainerItemProxy section */

/* Begin PBXFileReference section */
		271FB7A91B9510E000E12917 /* Essentials.app */ = {isa = PBXFileReference; explicitFileType = wrapper.application; includeInIndex = 0; path = Essentials.app; sourceTree = BUILT_PRODUCTS_DIR; };
		271FB7AD1B9510E000E12917 /* main.m */ = {isa = PBXFileReference; lastKnownFileType = sourcecode.c.objc; path = main.m; sourceTree = "<group>"; };
		271FB7AF1B9510E000E12917 /* AppDelegate.h */ = {isa = PBXFileReference; lastKnownFileType = sourcecode.c.h; path = AppDelegate.h; sourceTree = "<group>"; };
		271FB7B01B9510E000E12917 /* AppDelegate.m */ = {isa = PBXFileReference; lastKnownFileType = sourcecode.c.objc; path = AppDelegate.m; sourceTree = "<group>"; };
		271FB7B81B9510E000E12917 /* Assets.xcassets */ = {isa = PBXFileReference; lastKnownFileType = folder.assetcatalog; path = Assets.xcassets; sourceTree = "<group>"; };
		271FB7BD1B9510E000E12917 /* Info.plist */ = {isa = PBXFileReference; lastKnownFileType = text.plist.xml; path = Info.plist; sourceTree = "<group>"; };
		271FB7C21B9510E000E12917 /* EssentialsTests.xctest */ = {isa = PBXFileReference; explicitFileType = wrapper.cfbundle; includeInIndex = 0; path = EssentialsTests.xctest; sourceTree = BUILT_PRODUCTS_DIR; };
		271FB7C61B9510E000E12917 /* EssentialsTests.m */ = {isa = PBXFileReference; lastKnownFileType = sourcecode.c.objc; path = EssentialsTests.m; sourceTree = "<group>"; };
		271FB7C81B9510E000E12917 /* Info.plist */ = {isa = PBXFileReference; lastKnownFileType = text.plist.xml; path = Info.plist; sourceTree = "<group>"; };
		271FB7CD1B9510E000E12917 /* EssentialsUITests.xctest */ = {isa = PBXFileReference; explicitFileType = wrapper.cfbundle; includeInIndex = 0; path = EssentialsUITests.xctest; sourceTree = BUILT_PRODUCTS_DIR; };
		271FB7D11B9510E000E12917 /* EssentialsUITests.m */ = {isa = PBXFileReference; lastKnownFileType = sourcecode.c.objc; path = EssentialsUITests.m; sourceTree = "<group>"; };
		271FB7D31B9510E000E12917 /* Info.plist */ = {isa = PBXFileReference; lastKnownFileType = text.plist.xml; path = Info.plist; sourceTree = "<group>"; };
		271FB7DF1B95115D00E12917 /* LaunchScreen.storyboard */ = {isa = PBXFileReference; fileEncoding = 4; lastKnownFileType = file.storyboard; path = LaunchScreen.storyboard; sourceTree = "<group>"; };
/* End PBXFileReference section */

/* Begin PBXFrameworksBuildPhase section */
		271FB7A61B9510E000E12917 /* Frameworks */ = {
			isa = PBXFrameworksBuildPhase;
			buildActionMask = 2147483647;
			files = (
			);
			runOnlyForDeploymentPostprocessing = 0;
		};
		271FB7BF1B9510E000E12917 /* Frameworks */ = {
			isa = PBXFrameworksBuildPhase;
			buildActionMask = 2147483647;
			files = (
			);
			runOnlyForDeploymentPostprocessing = 0;
		};
		271FB7CA1B9510E000E12917 /* Frameworks */ = {
			isa = PBXFrameworksBuildPhase;
			buildActionMask = 2147483647;
			files = (
			);
			runOnlyForDeploymentPostprocessing = 0;
		};
/* End PBXFrameworksBuildPhase section */

/* Begin PBXGroup section */
		271FB7A01B9510E000E12917 = {
			isa = PBXGroup;
			children = (
				271FB7AB1B9510E000E12917 /* Essentials */,
				271FB7C51B9510E000E12917 /* EssentialsTests */,
				271FB7D01B9510E000E12917 /* EssentialsUITests */,
				271FB7AA1B9510E000E12917 /* Products */,
			);
			sourceTree = "<group>";
		};
		271FB7AA1B9510E000E12917 /* Products */ = {
			isa = PBXGroup;
			children = (
				271FB7A91B9510E000E12917 /* Essentials.app */,
				271FB7C21B9510E000E12917 /* EssentialsTests.xctest */,
				271FB7CD1B9510E000E12917 /* EssentialsUITests.xctest */,
			);
			name = Products;
			sourceTree = "<group>";
		};
		271FB7AB1B9510E000E12917 /* Essentials */ = {
			isa = PBXGroup;
			children = (
				271FB7AF1B9510E000E12917 /* AppDelegate.h */,
				271FB7B01B9510E000E12917 /* AppDelegate.m */,
				271FB7E11B95117A00E12917 /* Misc */,
				271FB7AC1B9510E000E12917 /* Supporting Files */,
			);
			path = Essentials;
			sourceTree = "<group>";
		};
		271FB7AC1B9510E000E12917 /* Supporting Files */ = {
			isa = PBXGroup;
			children = (
				271FB7AD1B9510E000E12917 /* main.m */,
			);
			name = "Supporting Files";
			sourceTree = "<group>";
		};
		271FB7C51B9510E000E12917 /* EssentialsTests */ = {
			isa = PBXGroup;
			children = (
				271FB7C61B9510E000E12917 /* EssentialsTests.m */,
				271FB7C81B9510E000E12917 /* Info.plist */,
			);
			path = EssentialsTests;
			sourceTree = "<group>";
		};
		271FB7D01B9510E000E12917 /* EssentialsUITests */ = {
			isa = PBXGroup;
			children = (
				271FB7D11B9510E000E12917 /* EssentialsUITests.m */,
				271FB7D31B9510E000E12917 /* Info.plist */,
			);
			path = EssentialsUITests;
			sourceTree = "<group>";
		};
		271FB7E11B95117A00E12917 /* Misc */ = {
			isa = PBXGroup;
			children = (
				271FB7B81B9510E000E12917 /* Assets.xcassets */,
				271FB7DF1B95115D00E12917 /* LaunchScreen.storyboard */,
				271FB7BD1B9510E000E12917 /* Info.plist */,
			);
			name = Misc;
			sourceTree = "<group>";
		};
/* End PBXGroup section */

/* Begin PBXNativeTarget section */
		271FB7A81B9510E000E12917 /* Essentials */ = {
			isa = PBXNativeTarget;
			buildConfigurationList = 271FB7D61B9510E000E12917 /* Build configuration list for PBXNativeTarget "Essentials" */;
			buildPhases = (
				271FB7A51B9510E000E12917 /* Sources */,
				271FB7A61B9510E000E12917 /* Frameworks */,
				271FB7A71B9510E000E12917 /* Resources */,
			);
			buildRules = (
			);
			dependencies = (
			);
			name = Essentials;
			productName = Essentials;
			productReference = 271FB7A91B9510E000E12917 /* Essentials.app */;
			productType = "com.apple.product-type.application";
		};
		271FB7C11B9510E000E12917 /* EssentialsTests */ = {
			isa = PBXNativeTarget;
			buildConfigurationList = 271FB7D91B9510E000E12917 /* Build configuration list for PBXNativeTarget "EssentialsTests" */;
			buildPhases = (
				271FB7BE1B9510E000E12917 /* Sources */,
				271FB7BF1B9510E000E12917 /* Frameworks */,
				271FB7C01B9510E000E12917 /* Resources */,
			);
			buildRules = (
			);
			dependencies = (
				271FB7C41B9510E000E12917 /* PBXTargetDependency */,
			);
			name = EssentialsTests;
			productName = EssentialsTests;
			productReference = 271FB7C21B9510E000E12917 /* EssentialsTests.xctest */;
			productType = "com.apple.product-type.bundle.unit-test";
		};
		271FB7CC1B9510E000E12917 /* EssentialsUITests */ = {
			isa = PBXNativeTarget;
			buildConfigurationList = 271FB7DC1B9510E000E12917 /* Build configuration list for PBXNativeTarget "EssentialsUITests" */;
			buildPhases = (
				271FB7C91B9510E000E12917 /* Sources */,
				271FB7CA1B9510E000E12917 /* Frameworks */,
				271FB7CB1B9510E000E12917 /* Resources */,
			);
			buildRules = (
			);
			dependencies = (
				271FB7CF1B9510E000E12917 /* PBXTargetDependency */,
			);
			name = EssentialsUITests;
			productName = EssentialsUITests;
			productReference = 271FB7CD1B9510E000E12917 /* EssentialsUITests.xctest */;
			productType = "com.apple.product-type.bundle.ui-testing";
		};
/* End PBXNativeTarget section */

/* Begin PBXProject section */
		271FB7A11B9510E000E12917 /* Project object */ = {
			isa = PBXProject;
			attributes = {
				LastUpgradeCheck = 0700;
				ORGANIZATIONNAME = "Mike Amaral";
				TargetAttributes = {
					271FB7A81B9510E000E12917 = {
						CreatedOnToolsVersion = 7.0;
					};
					271FB7C11B9510E000E12917 = {
						CreatedOnToolsVersion = 7.0;
						TestTargetID = 271FB7A81B9510E000E12917;
					};
					271FB7CC1B9510E000E12917 = {
						CreatedOnToolsVersion = 7.0;
						TestTargetID = 271FB7A81B9510E000E12917;
					};
				};
			};
			buildConfigurationList = 271FB7A41B9510E000E12917 /* Build configuration list for PBXProject "Essentials" */;
			compatibilityVersion = "Xcode 3.2";
			developmentRegion = English;
			hasScannedForEncodings = 0;
			knownRegions = (
				en,
				Base,
			);
			mainGroup = 271FB7A01B9510E000E12917;
			productRefGroup = 271FB7AA1B9510E000E12917 /* Products */;
			projectDirPath = "";
			projectRoot = "";
			targets = (
				271FB7A81B9510E000E12917 /* Essentials */,
				271FB7C11B9510E000E12917 /* EssentialsTests */,
				271FB7CC1B9510E000E12917 /* EssentialsUITests */,
			);
		};
/* End PBXProject section */

/* Begin PBXResourcesBuildPhase section */
		271FB7A71B9510E000E12917 /* Resources */ = {
			isa = PBXResourcesBuildPhase;
			buildActionMask = 2147483647;
			files = (
				271FB7B91B9510E000E12917 /* Assets.xcassets in Resources */,
				271FB7E01B95115D00E12917 /* LaunchScreen.storyboard in Resources */,
			);
			runOnlyForDeploymentPostprocessing = 0;
		};
		271FB7C01B9510E000E12917 /* Resources */ = {
			isa = PBXResourcesBuildPhase;
			buildActionMask = 2147483647;
			files = (
			);
			runOnlyForDeploymentPostprocessing = 0;
		};
		271FB7CB1B9510E000E12917 /* Resources */ = {
			isa = PBXResourcesBuildPhase;
			buildActionMask = 2147483647;
			files = (
			);
			runOnlyForDeploymentPostprocessing = 0;
		};
/* End PBXResourcesBuildPhase section */

/* Begin PBXSourcesBuildPhase section */
		271FB7A51B9510E000E12917 /* Sources */ = {
			isa = PBXSourcesBuildPhase;
			buildActionMask = 2147483647;
			files = (
				271FB7B11B9510E000E12917 /* AppDelegate.m in Sources */,
				271FB7AE1B9510E000E12917 /* main.m in Sources */,
			);
			runOnlyForDeploymentPostprocessing = 0;
		};
		271FB7BE1B9510E000E12917 /* Sources */ = {
			isa = PBXSourcesBuildPhase;
			buildActionMask = 2147483647;
			files = (
				271FB7C71B9510E000E12917 /* EssentialsTests.m in Sources */,
			);
			runOnlyForDeploymentPostprocessing = 0;
		};
		271FB7C91B9510E000E12917 /* Sources */ = {
			isa = PBXSourcesBuildPhase;
			buildActionMask = 2147483647;
			files = (
				271FB7D21B9510E000E12917 /* EssentialsUITests.m in Sources */,
			);
			runOnlyForDeploymentPostprocessing = 0;
		};
/* End PBXSourcesBuildPhase section */

/* Begin PBXTargetDependency section */
		271FB7C41B9510E000E12917 /* PBXTargetDependency */ = {
			isa = PBXTargetDependency;
			target = 271FB7A81B9510E000E12917 /* Essentials */;
			targetProxy = 271FB7C31B9510E000E12917 /* PBXContainerItemProxy */;
		};
		271FB7CF1B9510E000E12917 /* PBXTargetDependency */ = {
			isa = PBXTargetDependency;
			target = 271FB7A81B9510E000E12917 /* Essentials */;
			targetProxy = 271FB7CE1B9510E000E12917 /* PBXContainerItemProxy */;
		};
/* End PBXTargetDependency section */

/* Begin XCBuildConfiguration section */
		271FB7D41B9510E000E12917 /* Debug */ = {
			isa = XCBuildConfiguration;
			buildSettings = {
				ALWAYS_SEARCH_USER_PATHS = NO;
				CLANG_CXX_LANGUAGE_STANDARD = "gnu++0x";
				CLANG_CXX_LIBRARY = "libc++";
				CLANG_ENABLE_MODULES = YES;
				CLANG_ENABLE_OBJC_ARC = YES;
				CLANG_WARN_BOOL_CONVERSION = YES;
				CLANG_WARN_CONSTANT_CONVERSION = YES;
				CLANG_WARN_DIRECT_OBJC_ISA_USAGE = YES_ERROR;
				CLANG_WARN_EMPTY_BODY = YES;
				CLANG_WARN_ENUM_CONVERSION = YES;
				CLANG_WARN_INT_CONVERSION = YES;
				CLANG_WARN_OBJC_ROOT_CLASS = YES_ERROR;
				CLANG_WARN_UNREACHABLE_CODE = YES;
				CLANG_WARN__DUPLICATE_METHOD_MATCH = YES;
				"CODE_SIGN_IDENTITY[sdk=iphoneos*]" = "iPhone Developer";
				COPY_PHASE_STRIP = NO;
				DEBUG_INFORMATION_FORMAT = dwarf;
				ENABLE_STRICT_OBJC_MSGSEND = YES;
				ENABLE_TESTABILITY = YES;
				GCC_C_LANGUAGE_STANDARD = gnu99;
				GCC_DYNAMIC_NO_PIC = NO;
				GCC_NO_COMMON_BLOCKS = YES;
				GCC_OPTIMIZATION_LEVEL = 0;
				GCC_PREPROCESSOR_DEFINITIONS = (
					"DEBUG=1",
					"$(inherited)",
				);
				GCC_WARN_64_TO_32_BIT_CONVERSION = YES;
				GCC_WARN_ABOUT_RETURN_TYPE = YES_ERROR;
				GCC_WARN_UNDECLARED_SELECTOR = YES;
				GCC_WARN_UNINITIALIZED_AUTOS = YES_AGGRESSIVE;
				GCC_WARN_UNUSED_FUNCTION = YES;
				GCC_WARN_UNUSED_VARIABLE = YES;
				IPHONEOS_DEPLOYMENT_TARGET = 9.0;
				MTL_ENABLE_DEBUG_INFO = YES;
				ONLY_ACTIVE_ARCH = YES;
				SDKROOT = iphoneos;
				TARGETED_DEVICE_FAMILY = "1,2";
			};
			name = Debug;
		};
		271FB7D51B9510E000E12917 /* Release */ = {
			isa = XCBuildConfiguration;
			buildSettings = {
				ALWAYS_SEARCH_USER_PATHS = NO;
				CLANG_CXX_LANGUAGE_STANDARD = "gnu++0x";
				CLANG_CXX_LIBRARY = "libc++";
				CLANG_ENABLE_MODULES = YES;
				CLANG_ENABLE_OBJC_ARC = YES;
				CLANG_WARN_BOOL_CONVERSION = YES;
				CLANG_WARN_CONSTANT_CONVERSION = YES;
				CLANG_WARN_DIRECT_OBJC_ISA_USAGE = YES_ERROR;
				CLANG_WARN_EMPTY_BODY = YES;
				CLANG_WARN_ENUM_CONVERSION = YES;
				CLANG_WARN_INT_CONVERSION = YES;
				CLANG_WARN_OBJC_ROOT_CLASS = YES_ERROR;
				CLANG_WARN_UNREACHABLE_CODE = YES;
				CLANG_WARN__DUPLICATE_METHOD_MATCH = YES;
				"CODE_SIGN_IDENTITY[sdk=iphoneos*]" = "iPhone Developer";
				COPY_PHASE_STRIP = NO;
				DEBUG_INFORMATION_FORMAT = "dwarf-with-dsym";
				ENABLE_NS_ASSERTIONS = NO;
				ENABLE_STRICT_OBJC_MSGSEND = YES;
				GCC_C_LANGUAGE_STANDARD = gnu99;
				GCC_NO_COMMON_BLOCKS = YES;
				GCC_WARN_64_TO_32_BIT_CONVERSION = YES;
				GCC_WARN_ABOUT_RETURN_TYPE = YES_ERROR;
				GCC_WARN_UNDECLARED_SELECTOR = YES;
				GCC_WARN_UNINITIALIZED_AUTOS = YES_AGGRESSIVE;
				GCC_WARN_UNUSED_FUNCTION = YES;
				GCC_WARN_UNUSED_VARIABLE = YES;
				IPHONEOS_DEPLOYMENT_TARGET = 9.0;
				MTL_ENABLE_DEBUG_INFO = NO;
				SDKROOT = iphoneos;
				TARGETED_DEVICE_FAMILY = "1,2";
				VALIDATE_PRODUCT = YES;
			};
			name = Release;
		};
		271FB7D71B9510E000E12917 /* Debug */ = {
			isa = XCBuildConfiguration;
			buildSettings = {
				ASSETCATALOG_COMPILER_APPICON_NAME = AppIcon;
				INFOPLIST_FILE = Essentials/Info.plist;
				LD_RUNPATH_SEARCH_PATHS = "$(inherited) @executable_path/Frameworks";
				PRODUCT_BUNDLE_IDENTIFIER = com.MikeAmaral.Essentials;
				PRODUCT_NAME = "$(TARGET_NAME)";
			};
			name = Debug;
		};
		271FB7D81B9510E000E12917 /* Release */ = {
			isa = XCBuildConfiguration;
			buildSettings = {
				ASSETCATALOG_COMPILER_APPICON_NAME = AppIcon;
				INFOPLIST_FILE = Essentials/Info.plist;
				LD_RUNPATH_SEARCH_PATHS = "$(inherited) @executable_path/Frameworks";
				PRODUCT_BUNDLE_IDENTIFIER = com.MikeAmaral.Essentials;
				PRODUCT_NAME = "$(TARGET_NAME)";
			};
			name = Release;
		};
		271FB7DA1B9510E000E12917 /* Debug */ = {
			isa = XCBuildConfiguration;
			buildSettings = {
				BUNDLE_LOADER = "$(TEST_HOST)";
				INFOPLIST_FILE = EssentialsTests/Info.plist;
				LD_RUNPATH_SEARCH_PATHS = "$(inherited) @executable_path/Frameworks @loader_path/Frameworks";
				PRODUCT_BUNDLE_IDENTIFIER = com.MikeAmaral.EssentialsTests;
				PRODUCT_NAME = "$(TARGET_NAME)";
				TEST_HOST = "$(BUILT_PRODUCTS_DIR)/Essentials.app/Essentials";
			};
			name = Debug;
		};
		271FB7DB1B9510E000E12917 /* Release */ = {
			isa = XCBuildConfiguration;
			buildSettings = {
				BUNDLE_LOADER = "$(TEST_HOST)";
				INFOPLIST_FILE = EssentialsTests/Info.plist;
				LD_RUNPATH_SEARCH_PATHS = "$(inherited) @executable_path/Frameworks @loader_path/Frameworks";
				PRODUCT_BUNDLE_IDENTIFIER = com.MikeAmaral.EssentialsTests;
				PRODUCT_NAME = "$(TARGET_NAME)";
				TEST_HOST = "$(BUILT_PRODUCTS_DIR)/Essentials.app/Essentials";
			};
			name = Release;
		};
		271FB7DD1B9510E000E12917 /* Debug */ = {
			isa = XCBuildConfiguration;
			buildSettings = {
				INFOPLIST_FILE = EssentialsUITests/Info.plist;
				LD_RUNPATH_SEARCH_PATHS = "$(inherited) @executable_path/Frameworks @loader_path/Frameworks";
				PRODUCT_BUNDLE_IDENTIFIER = com.MikeAmaral.EssentialsUITests;
				PRODUCT_NAME = "$(TARGET_NAME)";
				TEST_TARGET_NAME = Essentials;
				USES_XCTRUNNER = YES;
			};
			name = Debug;
		};
		271FB7DE1B9510E000E12917 /* Release */ = {
			isa = XCBuildConfiguration;
			buildSettings = {
				INFOPLIST_FILE = EssentialsUITests/Info.plist;
				LD_RUNPATH_SEARCH_PATHS = "$(inherited) @executable_path/Frameworks @loader_path/Frameworks";
				PRODUCT_BUNDLE_IDENTIFIER = com.MikeAmaral.EssentialsUITests;
				PRODUCT_NAME = "$(TARGET_NAME)";
				TEST_TARGET_NAME = Essentials;
				USES_XCTRUNNER = YES;
			};
			name = Release;
		};
/* End XCBuildConfiguration section */

/* Begin XCConfigurationList section */
		271FB7A41B9510E000E12917 /* Build configuration list for PBXProject "Essentials" */ = {
			isa = XCConfigurationList;
			buildConfigurations = (
				271FB7D41B9510E000E12917 /* Debug */,
				271FB7D51B9510E000E12917 /* Release */,
			);
			defaultConfigurationIsVisible = 0;
			defaultConfigurationName = Release;
		};
		271FB7D61B9510E000E12917 /* Build configuration list for PBXNativeTarget "Essentials" */ = {
			isa = XCConfigurationList;
			buildConfigurations = (
				271FB7D71B9510E000E12917 /* Debug */,
				271FB7D81B9510E000E12917 /* Release */,
			);
			defaultConfigurationIsVisible = 0;
		};
		271FB7D91B9510E000E12917 /* Build configuration list for PBXNativeTarget "EssentialsTests" */ = {
			isa = XCConfigurationList;
			buildConfigurations = (
				271FB7DA1B9510E000E12917 /* Debug */,
				271FB7DB1B9510E000E12917 /* Release */,
			);
			defaultConfigurationIsVisible = 0;
		};
		271FB7DC1B9510E000E12917 /* Build configuration list for PBXNativeTarget "EssentialsUITests" */ = {
			isa = XCConfigurationList;
			buildConfigurations = (
				271FB7DD1B9510E000E12917 /* Debug */,
				271FB7DE1B9510E000E12917 /* Release */,
			);
			defaultConfigurationIsVisible = 0;
		};
/* End XCConfigurationList section */
	};
	rootObject = 271FB7A11B9510E000E12917 /* Project object */;
}
